
Microsoft Visual Studio Solution File, Format Version 12.00
# Visual Studio 15
VisualStudioVersion = 15.0.28307.1000
MinimumVisualStudioVersion = 10.0.40219.1
Project("{FAE04EC0-301F-11D3-BF4B-00C04F79EFBC}") = "Math10", "Math10.csproj", "{1EE1CAB6-C652-46B1-8CD3-500167AD2FE7}"
EndProject
Project("{8BC9CEB8-8B4A-11D0-8D11-00A0C91BC942}") = "base", "..\base\base.vcxproj", "{17E7D802-6C3B-4596-9796-71D53A154DC2}"
EndProject
Global
	GlobalSection(SolutionConfigurationPlatforms) = preSolution
		Debug|Any CPU = Debug|Any CPU
		Debug|x64 = Debug|x64
		Debug|x86 = Debug|x86
		Release|Any CPU = Release|Any CPU
		Release|x64 = Release|x64
		Release|x86 = Release|x86
	EndGlobalSection
	GlobalSection(ProjectConfigurationPlatforms) = postSolution
		{1EE1CAB6-C652-46B1-8CD3-500167AD2FE7}.Debug|Any CPU.ActiveCfg = Debug|Any CPU
		{1EE1CAB6-C652-46B1-8CD3-500167AD2FE7}.Debug|Any CPU.Build.0 = Debug|Any CPU
		{1EE1CAB6-C652-46B1-8CD3-500167AD2FE7}.Debug|x64.ActiveCfg = Debug|Any CPU
		{1EE1CAB6-C652-46B1-8CD3-500167AD2FE7}.Debug|x64.Build.0 = Debug|Any CPU
		{1EE1CAB6-C652-46B1-8CD3-500167AD2FE7}.Debug|x86.ActiveCfg = Debug|Any CPU
		{1EE1CAB6-C652-46B1-8CD3-500167AD2FE7}.Debug|x86.Build.0 = Debug|Any CPU
		{1EE1CAB6-C652-46B1-8CD3-500167AD2FE7}.Release|Any CPU.ActiveCfg = Release|Any CPU
		{1EE1CAB6-C652-46B1-8CD3-500167AD2FE7}.Release|Any CPU.Build.0 = Release|Any CPU
		{1EE1CAB6-C652-46B1-8CD3-500167AD2FE7}.Release|x64.ActiveCfg = Release|Any CPU
		{1EE1CAB6-C652-46B1-8CD3-500167AD2FE7}.Release|x64.Build.0 = Release|Any CPU
		{1EE1CAB6-C652-46B1-8CD3-500167AD2FE7}.Release|x86.ActiveCfg = Release|Any CPU
		{1EE1CAB6-C652-46B1-8CD3-500167AD2FE7}.Release|x86.Build.0 = Release|Any CPU
		{17E7D802-6C3B-4596-9796-71D53A154DC2}.Debug|Any CPU.ActiveCfg = Debug|Win32
		{17E7D802-6C3B-4596-9796-71D53A154DC2}.Debug|x64.ActiveCfg = Debug|x64
		{17E7D802-6C3B-4596-9796-71D53A154DC2}.Debug|x64.Build.0 = Debug|x64
		{17E7D802-6C3B-4596-9796-71D53A154DC2}.Debug|x86.ActiveCfg = Debug|Win32
		{17E7D802-6C3B-4596-9796-71D53A154DC2}.Debug|x86.Build.0 = Debug|Win32
		{17E7D802-6C3B-4596-9796-71D53A154DC2}.Release|Any CPU.ActiveCfg = Release|Win32
		{17E7D802-6C3B-4596-9796-71D53A154DC2}.Release|x64.ActiveCfg = Release|x64
		{17E7D802-6C3B-4596-9796-71D53A154DC2}.Release|x64.Build.0 = Release|x64
		{17E7D802-6C3B-4596-9796-71D53A154DC2}.Release|x86.ActiveCfg = Release|Win32
		{17E7D802-6C3B-4596-9796-71D53A154DC2}.Release|x86.Build.0 = Release|Win32
	EndGlobalSection
	GlobalSection(SolutionProperties) = preSolution
		HideSolutionNode = FALSE
	EndGlobalSection
	GlobalSection(ExtensibilityGlobals) = postSolution
		SolutionGuid = {C96F6336-4579-4F3D-AE3B-36D026D40E4E}
	EndGlobalSection
EndGlobal
